
Microsoft Visual Studio Solution File, Format Version 12.00
# Visual Studio Version 17
VisualStudioVersion = 17.7.34031.279
MinimumVisualStudioVersion = 10.0.40219.1
Project("{FAE04EC0-301F-11D3-BF4B-00C04F79EFBC}") = "12.09.2023", "12.09.2023\12.09.2023.csproj", "{4F076E52-E348-492B-BE08-9D814A2C7593}"
EndProject
Project("{FAE04EC0-301F-11D3-BF4B-00C04F79EFBC}") = "DomainLayer", "DomainLayer\DomainLayer.csproj", "{AD0160F7-5462-4946-8FB7-E3793495E4B7}"
EndProject
Global
	GlobalSection(SolutionConfigurationPlatforms) = preSolution
		Debug|Any CPU = Debug|Any CPU
		Release|Any CPU = Release|Any CPU
	EndGlobalSection
	GlobalSection(ProjectConfigurationPlatforms) = postSolution
		{4F076E52-E348-492B-BE08-9D814A2C7593}.Debug|Any CPU.ActiveCfg = Debug|Any CPU
		{4F076E52-E348-492B-BE08-9D814A2C7593}.Debug|Any CPU.Build.0 = Debug|Any CPU
		{4F076E52-E348-492B-BE08-9D814A2C7593}.Release|Any CPU.ActiveCfg = Release|Any CPU
		{4F076E52-E348-492B-BE08-9D814A2C7593}.Release|Any CPU.Build.0 = Release|Any CPU
		{AD0160F7-5462-4946-8FB7-E3793495E4B7}.Debug|Any CPU.ActiveCfg = Debug|Any CPU
		{AD0160F7-5462-4946-8FB7-E3793495E4B7}.Debug|Any CPU.Build.0 = Debug|Any CPU
		{AD0160F7-5462-4946-8FB7-E3793495E4B7}.Release|Any CPU.ActiveCfg = Release|Any CPU
		{AD0160F7-5462-4946-8FB7-E3793495E4B7}.Release|Any CPU.Build.0 = Release|Any CPU
	EndGlobalSection
	GlobalSection(SolutionProperties) = preSolution
		HideSolutionNode = FALSE
	EndGlobalSection
	GlobalSection(ExtensibilityGlobals) = postSolution
		SolutionGuid = {DBB74B01-4264-4038-B4CB-E97B82DB759F}
	EndGlobalSection
EndGlobal
